
Microsoft Visual Studio Solution File, Format Version 12.00
# Visual Studio Version 16
VisualStudioVersion = 16.0.29009.5
MinimumVisualStudioVersion = 10.0.40219.1
Project("{FAE04EC0-301F-11D3-BF4B-00C04F79EFBC}") = "Simulador Liga", "Simulador Liga\Simulador Liga.csproj", "{69B2D99D-FD47-4FC6-ADA3-D957499D28E3}"
EndProject
Global
	GlobalSection(SolutionConfigurationPlatforms) = preSolution
		Debug|Any CPU = Debug|Any CPU
		Release|Any CPU = Release|Any CPU
	EndGlobalSection
	GlobalSection(ProjectConfigurationPlatforms) = postSolution
		{69B2D99D-FD47-4FC6-ADA3-D957499D28E3}.Debug|Any CPU.ActiveCfg = Debug|Any CPU
		{69B2D99D-FD47-4FC6-ADA3-D957499D28E3}.Debug|Any CPU.Build.0 = Debug|Any CPU
		{69B2D99D-FD47-4FC6-ADA3-D957499D28E3}.Release|Any CPU.ActiveCfg = Release|Any CPU
		{69B2D99D-FD47-4FC6-ADA3-D957499D28E3}.Release|Any CPU.Build.0 = Release|Any CPU
	EndGlobalSection
	GlobalSection(SolutionProperties) = preSolution
		HideSolutionNode = FALSE
	EndGlobalSection
	GlobalSection(ExtensibilityGlobals) = postSolution
		SolutionGuid = {A9394B62-5C3E-46F5-B0AD-22FED43F12B4}
	EndGlobalSection
EndGlobal
